
Microsoft Visual Studio Solution File, Format Version 12.00
# Visual Studio Version 17
VisualStudioVersion = 17.14.36518.9 d17.14
MinimumVisualStudioVersion = 10.0.40219.1
Project("{FAE04EC0-301F-11D3-BF4B-00C04F79EFBC}") = "WBT", "WBT\WBT.csproj", "{A426D650-1888-493B-B961-3138043BE954}"
EndProject
Global
	GlobalSection(SolutionConfigurationPlatforms) = preSolution
		Debug|Any CPU = Debug|Any CPU
		Release|Any CPU = Release|Any CPU
		sa|Any CPU = sa|Any CPU
	EndGlobalSection
	GlobalSection(ProjectConfigurationPlatforms) = postSolution
		{A426D650-1888-493B-B961-3138043BE954}.Debug|Any CPU.ActiveCfg = Debug|Any CPU
		{A426D650-1888-493B-B961-3138043BE954}.Debug|Any CPU.Build.0 = Debug|Any CPU
		{A426D650-1888-493B-B961-3138043BE954}.Release|Any CPU.ActiveCfg = Release|Any CPU
		{A426D650-1888-493B-B961-3138043BE954}.Release|Any CPU.Build.0 = Release|Any CPU
		{A426D650-1888-493B-B961-3138043BE954}.sa|Any CPU.ActiveCfg = Debug|Any CPU
		{A426D650-1888-493B-B961-3138043BE954}.sa|Any CPU.Build.0 = Debug|Any CPU
	EndGlobalSection
	GlobalSection(SolutionProperties) = preSolution
		HideSolutionNode = FALSE
	EndGlobalSection
	GlobalSection(ExtensibilityGlobals) = postSolution
		SolutionGuid = {87279A65-7B84-45BA-B0AC-2A8CE6645060}
	EndGlobalSection
EndGlobal
